// !$*UTF8*$!
{
	archiveVersion = 1;
	classes = {
	};
	objectVersion = 51;
	objects = {

/* Begin PBXBuildFile section */
		BE9FCADD69D48A822E3AE33B /* Pods_aToastie.framework in Frameworks */ = {isa = PBXBuildFile; fileRef = C4716B8676B9FA1AFA995853 /* Pods_aToastie.framework */; };
		E53FC34B234A2E9B008054E8 /* AdditionalInfoViewController.swift in Sources */ = {isa = PBXBuildFile; fileRef = E53FC34A234A2E9B008054E8 /* AdditionalInfoViewController.swift */; };
		E53FC34D234A2EA7008054E8 /* AdminViewController.swift in Sources */ = {isa = PBXBuildFile; fileRef = E53FC34C234A2EA7008054E8 /* AdminViewController.swift */; };
		E53FC34F234A3307008054E8 /* Users.swift in Sources */ = {isa = PBXBuildFile; fileRef = E53FC34E234A3307008054E8 /* Users.swift */; };
		E565A85D23786B53003C089A /* Client.storyboard in Resources */ = {isa = PBXBuildFile; fileRef = E565A85C23786B53003C089A /* Client.storyboard */; };
		E565A85F23786C0D003C089A /* Admin.storyboard in Resources */ = {isa = PBXBuildFile; fileRef = E565A85E23786C0D003C089A /* Admin.storyboard */; };
		E574530923786D5B00630A20 /* Patient.swift in Sources */ = {isa = PBXBuildFile; fileRef = E574530823786D5B00630A20 /* Patient.swift */; };
		E574530E237892A800630A20 /* HomeInfoViewController.swift in Sources */ = {isa = PBXBuildFile; fileRef = E574530D237892A800630A20 /* HomeInfoViewController.swift */; };
		E5EDF37B23490165005777B4 /* AppDelegate.swift in Sources */ = {isa = PBXBuildFile; fileRef = E5EDF37A23490165005777B4 /* AppDelegate.swift */; };
		E5EDF37D23490165005777B4 /* SceneDelegate.swift in Sources */ = {isa = PBXBuildFile; fileRef = E5EDF37C23490165005777B4 /* SceneDelegate.swift */; };
		E5EDF37F23490165005777B4 /* ViewController.swift in Sources */ = {isa = PBXBuildFile; fileRef = E5EDF37E23490165005777B4 /* ViewController.swift */; };
		E5EDF38223490165005777B4 /* Main.storyboard in Resources */ = {isa = PBXBuildFile; fileRef = E5EDF38023490165005777B4 /* Main.storyboard */; };
		E5EDF38423490166005777B4 /* Assets.xcassets in Resources */ = {isa = PBXBuildFile; fileRef = E5EDF38323490166005777B4 /* Assets.xcassets */; };
		E5EDF38723490166005777B4 /* LaunchScreen.storyboard in Resources */ = {isa = PBXBuildFile; fileRef = E5EDF38523490166005777B4 /* LaunchScreen.storyboard */; };
		E5EDF38F234901AB005777B4 /* GoogleService-Info.plist in Resources */ = {isa = PBXBuildFile; fileRef = E5EDF38E234901AB005777B4 /* GoogleService-Info.plist */; };
		E5EDF394234907C4005777B4 /* MenuViewController.swift in Sources */ = {isa = PBXBuildFile; fileRef = E5EDF393234907C4005777B4 /* MenuViewController.swift */; };
		E5EDF39623490986005777B4 /* SignUpViewController.swift in Sources */ = {isa = PBXBuildFile; fileRef = E5EDF39523490986005777B4 /* SignUpViewController.swift */; };
		E5EDF39823491CBE005777B4 /* LoginViewController.swift in Sources */ = {isa = PBXBuildFile; fileRef = E5EDF39723491CBE005777B4 /* LoginViewController.swift */; };
		E5EDF39A23491EFE005777B4 /* User.swift in Sources */ = {isa = PBXBuildFile; fileRef = E5EDF39923491EFE005777B4 /* User.swift */; };
/* End PBXBuildFile section */

/* Begin PBXFileReference section */
		67C0B08689477E95FE5C37E5 /* Pods-aToastie.release.xcconfig */ = {isa = PBXFileReference; includeInIndex = 1; lastKnownFileType = text.xcconfig; name = "Pods-aToastie.release.xcconfig"; path = "Target Support Files/Pods-aToastie/Pods-aToastie.release.xcconfig"; sourceTree = "<group>"; };
		C4716B8676B9FA1AFA995853 /* Pods_aToastie.framework */ = {isa = PBXFileReference; explicitFileType = wrapper.framework; includeInIndex = 0; path = Pods_aToastie.framework; sourceTree = BUILT_PRODUCTS_DIR; };
		DF075958E5758DB1EF49FA04 /* Pods-aToastie.debug.xcconfig */ = {isa = PBXFileReference; includeInIndex = 1; lastKnownFileType = text.xcconfig; name = "Pods-aToastie.debug.xcconfig"; path = "Target Support Files/Pods-aToastie/Pods-aToastie.debug.xcconfig"; sourceTree = "<group>"; };
		E53FC34A234A2E9B008054E8 /* AdditionalInfoViewController.swift */ = {isa = PBXFileReference; lastKnownFileType = sourcecode.swift; path = AdditionalInfoViewController.swift; sourceTree = "<group>"; };
		E53FC34C234A2EA7008054E8 /* AdminViewController.swift */ = {isa = PBXFileReference; lastKnownFileType = sourcecode.swift; path = AdminViewController.swift; sourceTree = "<group>"; };
		E53FC34E234A3307008054E8 /* Users.swift */ = {isa = PBXFileReference; lastKnownFileType = sourcecode.swift; path = Users.swift; sourceTree = "<group>"; };
		E565A85C23786B53003C089A /* Client.storyboard */ = {isa = PBXFileReference; lastKnownFileType = file.storyboard; path = Client.storyboard; sourceTree = "<group>"; };
		E565A85E23786C0D003C089A /* Admin.storyboard */ = {isa = PBXFileReference; lastKnownFileType = file.storyboard; path = Admin.storyboard; sourceTree = "<group>"; };
		E574530823786D5B00630A20 /* Patient.swift */ = {isa = PBXFileReference; lastKnownFileType = sourcecode.swift; path = Patient.swift; sourceTree = "<group>"; };
		E574530D237892A800630A20 /* HomeInfoViewController.swift */ = {isa = PBXFileReference; lastKnownFileType = sourcecode.swift; path = HomeInfoViewController.swift; sourceTree = "<group>"; };
		E5EDF37723490165005777B4 /* aToastie.app */ = {isa = PBXFileReference; explicitFileType = wrapper.application; includeInIndex = 0; path = aToastie.app; sourceTree = BUILT_PRODUCTS_DIR; };
		E5EDF37A23490165005777B4 /* AppDelegate.swift */ = {isa = PBXFileReference; lastKnownFileType = sourcecode.swift; path = AppDelegate.swift; sourceTree = "<group>"; };
		E5EDF37C23490165005777B4 /* SceneDelegate.swift */ = {isa = PBXFileReference; lastKnownFileType = sourcecode.swift; path = SceneDelegate.swift; sourceTree = "<group>"; };
		E5EDF37E23490165005777B4 /* ViewController.swift */ = {isa = PBXFileReference; lastKnownFileType = sourcecode.swift; path = ViewController.swift; sourceTree = "<group>"; };
		E5EDF38123490165005777B4 /* Base */ = {isa = PBXFileReference; lastKnownFileType = file.storyboard; name = Base; path = Base.lproj/Main.storyboard; sourceTree = "<group>"; };
		E5EDF38323490166005777B4 /* Assets.xcassets */ = {isa = PBXFileReference; lastKnownFileType = folder.assetcatalog; path = Assets.xcassets; sourceTree = "<group>"; };
		E5EDF38623490166005777B4 /* Base */ = {isa = PBXFileReference; lastKnownFileType = file.storyboard; name = Base; path = Base.lproj/LaunchScreen.storyboard; sourceTree = "<group>"; };
		E5EDF38823490166005777B4 /* Info.plist */ = {isa = PBXFileReference; lastKnownFileType = text.plist.xml; path = Info.plist; sourceTree = "<group>"; };
		E5EDF38E234901AB005777B4 /* GoogleService-Info.plist */ = {isa = PBXFileReference; fileEncoding = 4; lastKnownFileType = text.plist.xml; path = "GoogleService-Info.plist"; sourceTree = "<group>"; };
		E5EDF393234907C4005777B4 /* MenuViewController.swift */ = {isa = PBXFileReference; lastKnownFileType = sourcecode.swift; path = MenuViewController.swift; sourceTree = "<group>"; };
		E5EDF39523490986005777B4 /* SignUpViewController.swift */ = {isa = PBXFileReference; lastKnownFileType = sourcecode.swift; path = SignUpViewController.swift; sourceTree = "<group>"; };
		E5EDF39723491CBE005777B4 /* LoginViewController.swift */ = {isa = PBXFileReference; lastKnownFileType = sourcecode.swift; path = LoginViewController.swift; sourceTree = "<group>"; };
		E5EDF39923491EFE005777B4 /* User.swift */ = {isa = PBXFileReference; lastKnownFileType = sourcecode.swift; path = User.swift; sourceTree = "<group>"; };
/* End PBXFileReference section */

/* Begin PBXFrameworksBuildPhase section */
		E5EDF37423490165005777B4 /* Frameworks */ = {
			isa = PBXFrameworksBuildPhase;
			buildActionMask = 2147483647;
			files = (
				BE9FCADD69D48A822E3AE33B /* Pods_aToastie.framework in Frameworks */,
			);
			runOnlyForDeploymentPostprocessing = 0;
		};
/* End PBXFrameworksBuildPhase section */

/* Begin PBXGroup section */
		14CD08F9EB98A110C572BCDA /* Frameworks */ = {
			isa = PBXGroup;
			children = (
				C4716B8676B9FA1AFA995853 /* Pods_aToastie.framework */,
			);
			name = Frameworks;
			sourceTree = "<group>";
		};
		D52F83E9BC3F0C1A2EB93068 /* Pods */ = {
			isa = PBXGroup;
			children = (
				DF075958E5758DB1EF49FA04 /* Pods-aToastie.debug.xcconfig */,
				67C0B08689477E95FE5C37E5 /* Pods-aToastie.release.xcconfig */,
			);
			path = Pods;
			sourceTree = "<group>";
		};
		E574530A237890A600630A20 /* Client */ = {
			isa = PBXGroup;
			children = (
				E53FC34A234A2E9B008054E8 /* AdditionalInfoViewController.swift */,
				E574530D237892A800630A20 /* HomeInfoViewController.swift */,
			);
			path = Client;
			sourceTree = "<group>";
		};
		E574530B237890AB00630A20 /* Admin */ = {
			isa = PBXGroup;
			children = (
				E53FC34C234A2EA7008054E8 /* AdminViewController.swift */,
			);
			path = Admin;
			sourceTree = "<group>";
		};
		E574530C237890B300630A20 /* Auth */ = {
			isa = PBXGroup;
			children = (
				E5EDF39523490986005777B4 /* SignUpViewController.swift */,
				E5EDF39723491CBE005777B4 /* LoginViewController.swift */,
			);
			path = Auth;
			sourceTree = "<group>";
		};
		E5EDF36E23490165005777B4 = {
			isa = PBXGroup;
			children = (
				E5EDF37923490165005777B4 /* aToastie */,
				E5EDF37823490165005777B4 /* Products */,
				D52F83E9BC3F0C1A2EB93068 /* Pods */,
				14CD08F9EB98A110C572BCDA /* Frameworks */,
			);
			sourceTree = "<group>";
		};
		E5EDF37823490165005777B4 /* Products */ = {
			isa = PBXGroup;
			children = (
				E5EDF37723490165005777B4 /* aToastie.app */,
			);
			name = Products;
			sourceTree = "<group>";
		};
		E5EDF37923490165005777B4 /* aToastie */ = {
			isa = PBXGroup;
			children = (
				E5EDF392234903AA005777B4 /* Controllers */,
				E5EDF391234903A5005777B4 /* Views */,
				E5EDF390234903A0005777B4 /* Model */,
				E5EDF37A23490165005777B4 /* AppDelegate.swift */,
				E5EDF37C23490165005777B4 /* SceneDelegate.swift */,
				E5EDF38E234901AB005777B4 /* GoogleService-Info.plist */,
				E5EDF38323490166005777B4 /* Assets.xcassets */,
				E5EDF38823490166005777B4 /* Info.plist */,
			);
			path = aToastie;
			sourceTree = "<group>";
		};
		E5EDF390234903A0005777B4 /* Model */ = {
			isa = PBXGroup;
			children = (
				E5EDF39923491EFE005777B4 /* User.swift */,
				E53FC34E234A3307008054E8 /* Users.swift */,
				E574530823786D5B00630A20 /* Patient.swift */,
			);
			path = Model;
			sourceTree = "<group>";
		};
		E5EDF391234903A5005777B4 /* Views */ = {
			isa = PBXGroup;
			children = (
				E5EDF38023490165005777B4 /* Main.storyboard */,
				E5EDF38523490166005777B4 /* LaunchScreen.storyboard */,
				E565A85C23786B53003C089A /* Client.storyboard */,
				E565A85E23786C0D003C089A /* Admin.storyboard */,
			);
			path = Views;
			sourceTree = "<group>";
		};
		E5EDF392234903AA005777B4 /* Controllers */ = {
			isa = PBXGroup;
			children = (
				E574530C237890B300630A20 /* Auth */,
				E574530B237890AB00630A20 /* Admin */,
				E574530A237890A600630A20 /* Client */,
				E5EDF37E23490165005777B4 /* ViewController.swift */,
				E5EDF393234907C4005777B4 /* MenuViewController.swift */,
			);
			path = Controllers;
			sourceTree = "<group>";
		};
/* End PBXGroup section */

/* Begin PBXNativeTarget section */
		E5EDF37623490165005777B4 /* aToastie */ = {
			isa = PBXNativeTarget;
			buildConfigurationList = E5EDF38B23490166005777B4 /* Build configuration list for PBXNativeTarget "aToastie" */;
			buildPhases = (
				41B2F3E18603265A923FF3D8 /* [CP] Check Pods Manifest.lock */,
				E5EDF37323490165005777B4 /* Sources */,
				E5EDF37423490165005777B4 /* Frameworks */,
				E5EDF37523490165005777B4 /* Resources */,
				2A44E910709C150AFC4ABC8C /* [CP] Embed Pods Frameworks */,
			);
			buildRules = (
			);
			dependencies = (
			);
			name = aToastie;
			productName = aToastie;
			productReference = E5EDF37723490165005777B4 /* aToastie.app */;
			productType = "com.apple.product-type.application";
		};
/* End PBXNativeTarget section */

/* Begin PBXProject section */
		E5EDF36F23490165005777B4 /* Project object */ = {
			isa = PBXProject;
			attributes = {
				LastSwiftUpdateCheck = 1100;
				LastUpgradeCheck = 1100;
				ORGANIZATIONNAME = "Ali Alobaidi";
				TargetAttributes = {
					E5EDF37623490165005777B4 = {
						CreatedOnToolsVersion = 11.0;
					};
				};
			};
			buildConfigurationList = E5EDF37223490165005777B4 /* Build configuration list for PBXProject "aToastie" */;
			compatibilityVersion = "Xcode 9.3";
			developmentRegion = en;
			hasScannedForEncodings = 0;
			knownRegions = (
				en,
				Base,
			);
			mainGroup = E5EDF36E23490165005777B4;
			productRefGroup = E5EDF37823490165005777B4 /* Products */;
			projectDirPath = "";
			projectRoot = "";
			targets = (
				E5EDF37623490165005777B4 /* aToastie */,
			);
		};
/* End PBXProject section */

/* Begin PBXResourcesBuildPhase section */
		E5EDF37523490165005777B4 /* Resources */ = {
			isa = PBXResourcesBuildPhase;
			buildActionMask = 2147483647;
			files = (
				E565A85D23786B53003C089A /* Client.storyboard in Resources */,
				E5EDF38723490166005777B4 /* LaunchScreen.storyboard in Resources */,
				E5EDF38F234901AB005777B4 /* GoogleService-Info.plist in Resources */,
				E5EDF38423490166005777B4 /* Assets.xcassets in Resources */,
				E565A85F23786C0D003C089A /* Admin.storyboard in Resources */,
				E5EDF38223490165005777B4 /* Main.storyboard in Resources */,
			);
			runOnlyForDeploymentPostprocessing = 0;
		};
/* End PBXResourcesBuildPhase section */

/* Begin PBXShellScriptBuildPhase section */
		2A44E910709C150AFC4ABC8C /* [CP] Embed Pods Frameworks */ = {
			isa = PBXShellScriptBuildPhase;
			buildActionMask = 2147483647;
			files = (
			);
			inputFileListPaths = (
				"${PODS_ROOT}/Target Support Files/Pods-aToastie/Pods-aToastie-frameworks-${CONFIGURATION}-input-files.xcfilelist",
			);
			name = "[CP] Embed Pods Frameworks";
			outputFileListPaths = (
				"${PODS_ROOT}/Target Support Files/Pods-aToastie/Pods-aToastie-frameworks-${CONFIGURATION}-output-files.xcfilelist",
			);
			runOnlyForDeploymentPostprocessing = 0;
			shellPath = /bin/sh;
			shellScript = "\"${PODS_ROOT}/Target Support Files/Pods-aToastie/Pods-aToastie-frameworks.sh\"\n";
			showEnvVarsInLog = 0;
		};
		41B2F3E18603265A923FF3D8 /* [CP] Check Pods Manifest.lock */ = {
			isa = PBXShellScriptBuildPhase;
			buildActionMask = 2147483647;
			files = (
			);
			inputFileListPaths = (
			);
			inputPaths = (
				"${PODS_PODFILE_DIR_PATH}/Podfile.lock",
				"${PODS_ROOT}/Manifest.lock",
			);
			name = "[CP] Check Pods Manifest.lock";
			outputFileListPaths = (
			);
			outputPaths = (
				"$(DERIVED_FILE_DIR)/Pods-aToastie-checkManifestLockResult.txt",
			);
			runOnlyForDeploymentPostprocessing = 0;
			shellPath = /bin/sh;
			shellScript = "diff \"${PODS_PODFILE_DIR_PATH}/Podfile.lock\" \"${PODS_ROOT}/Manifest.lock\" > /dev/null\nif [ $? != 0 ] ; then\n    # print error to STDERR\n    echo \"error: The sandbox is not in sync with the Podfile.lock. Run 'pod install' or update your CocoaPods installation.\" >&2\n    exit 1\nfi\n# This output is used by Xcode 'outputs' to avoid re-running this script phase.\necho \"SUCCESS\" > \"${SCRIPT_OUTPUT_FILE_0}\"\n";
			showEnvVarsInLog = 0;
		};
/* End PBXShellScriptBuildPhase section */

/* Begin PBXSourcesBuildPhase section */
		E5EDF37323490165005777B4 /* Sources */ = {
			isa = PBXSourcesBuildPhase;
			buildActionMask = 2147483647;
			files = (
				E53FC34D234A2EA7008054E8 /* AdminViewController.swift in Sources */,
				E5EDF39823491CBE005777B4 /* LoginViewController.swift in Sources */,
				E53FC34F234A3307008054E8 /* Users.swift in Sources */,
				E574530E237892A800630A20 /* HomeInfoViewController.swift in Sources */,
				E5EDF37F23490165005777B4 /* ViewController.swift in Sources */,
				E5EDF37B23490165005777B4 /* AppDelegate.swift in Sources */,
				E53FC34B234A2E9B008054E8 /* AdditionalInfoViewController.swift in Sources */,
				E5EDF37D23490165005777B4 /* SceneDelegate.swift in Sources */,
				E5EDF394234907C4005777B4 /* MenuViewController.swift in Sources */,
				E5EDF39623490986005777B4 /* SignUpViewController.swift in Sources */,
				E5EDF39A23491EFE005777B4 /* User.swift in Sources */,
				E574530923786D5B00630A20 /* Patient.swift in Sources */,
			);
			runOnlyForDeploymentPostprocessing = 0;
		};
/* End PBXSourcesBuildPhase section */

/* Begin PBXVariantGroup section */
		E5EDF38023490165005777B4 /* Main.storyboard */ = {
			isa = PBXVariantGroup;
			children = (
				E5EDF38123490165005777B4 /* Base */,
			);
			name = Main.storyboard;
			sourceTree = "<group>";
		};
		E5EDF38523490166005777B4 /* LaunchScreen.storyboard */ = {
			isa = PBXVariantGroup;
			children = (
				E5EDF38623490166005777B4 /* Base */,
			);
			name = LaunchScreen.storyboard;
			sourceTree = "<group>";
		};
/* End PBXVariantGroup section */

/* Begin XCBuildConfiguration section */
		E5EDF38923490166005777B4 /* Debug */ = {
			isa = XCBuildConfiguration;
			buildSettings = {
				ALWAYS_SEARCH_USER_PATHS = NO;
				CLANG_ANALYZER_NONNULL = YES;
				CLANG_ANALYZER_NUMBER_OBJECT_CONVERSION = YES_AGGRESSIVE;
				CLANG_CXX_LANGUAGE_STANDARD = "gnu++14";
				CLANG_CXX_LIBRARY = "libc++";
				CLANG_ENABLE_MODULES = YES;
				CLANG_ENABLE_OBJC_ARC = YES;
				CLANG_ENABLE_OBJC_WEAK = YES;
				CLANG_WARN_BLOCK_CAPTURE_AUTORELEASING = YES;
				CLANG_WARN_BOOL_CONVERSION = YES;
				CLANG_WARN_COMMA = YES;
				CLANG_WARN_CONSTANT_CONVERSION = YES;
				CLANG_WARN_DEPRECATED_OBJC_IMPLEMENTATIONS = YES;
				CLANG_WARN_DIRECT_OBJC_ISA_USAGE = YES_ERROR;
				CLANG_WARN_DOCUMENTATION_COMMENTS = YES;
				CLANG_WARN_EMPTY_BODY = YES;
				CLANG_WARN_ENUM_CONVERSION = YES;
				CLANG_WARN_INFINITE_RECURSION = YES;
				CLANG_WARN_INT_CONVERSION = YES;
				CLANG_WARN_NON_LITERAL_NULL_CONVERSION = YES;
				CLANG_WARN_OBJC_IMPLICIT_RETAIN_SELF = YES;
				CLANG_WARN_OBJC_LITERAL_CONVERSION = YES;
				CLANG_WARN_OBJC_ROOT_CLASS = YES_ERROR;
				CLANG_WARN_RANGE_LOOP_ANALYSIS = YES;
				CLANG_WARN_STRICT_PROTOTYPES = YES;
				CLANG_WARN_SUSPICIOUS_MOVE = YES;
				CLANG_WARN_UNGUARDED_AVAILABILITY = YES_AGGRESSIVE;
				CLANG_WARN_UNREACHABLE_CODE = YES;
				CLANG_WARN__DUPLICATE_METHOD_MATCH = YES;
				COPY_PHASE_STRIP = NO;
				DEBUG_INFORMATION_FORMAT = dwarf;
				ENABLE_STRICT_OBJC_MSGSEND = YES;
				ENABLE_TESTABILITY = YES;
				GCC_C_LANGUAGE_STANDARD = gnu11;
				GCC_DYNAMIC_NO_PIC = NO;
				GCC_NO_COMMON_BLOCKS = YES;
				GCC_OPTIMIZATION_LEVEL = 0;
				GCC_PREPROCESSOR_DEFINITIONS = (
					"DEBUG=1",
					"$(inherited)",
				);
				GCC_WARN_64_TO_32_BIT_CONVERSION = YES;
				GCC_WARN_ABOUT_RETURN_TYPE = YES_ERROR;
				GCC_WARN_UNDECLARED_SELECTOR = YES;
				GCC_WARN_UNINITIALIZED_AUTOS = YES_AGGRESSIVE;
				GCC_WARN_UNUSED_FUNCTION = YES;
				GCC_WARN_UNUSED_VARIABLE = YES;
				IPHONEOS_DEPLOYMENT_TARGET = 13.0;
				MTL_ENABLE_DEBUG_INFO = INCLUDE_SOURCE;
				MTL_FAST_MATH = YES;
				ONLY_ACTIVE_ARCH = YES;
				SDKROOT = iphoneos;
				SWIFT_ACTIVE_COMPILATION_CONDITIONS = DEBUG;
				SWIFT_OPTIMIZATION_LEVEL = "-Onone";
			};
			name = Debug;
		};
		E5EDF38A23490166005777B4 /* Release */ = {
			isa = XCBuildConfiguration;
			buildSettings = {
				ALWAYS_SEARCH_USER_PATHS = NO;
				CLANG_ANALYZER_NONNULL = YES;
				CLANG_ANALYZER_NUMBER_OBJECT_CONVERSION = YES_AGGRESSIVE;
				CLANG_CXX_LANGUAGE_STANDARD = "gnu++14";
				CLANG_CXX_LIBRARY = "libc++";
				CLANG_ENABLE_MODULES = YES;
				CLANG_ENABLE_OBJC_ARC = YES;
				CLANG_ENABLE_OBJC_WEAK = YES;
				CLANG_WARN_BLOCK_CAPTURE_AUTORELEASING = YES;
				CLANG_WARN_BOOL_CONVERSION = YES;
				CLANG_WARN_COMMA = YES;
				CLANG_WARN_CONSTANT_CONVERSION = YES;
				CLANG_WARN_DEPRECATED_OBJC_IMPLEMENTATIONS = YES;
				CLANG_WARN_DIRECT_OBJC_ISA_USAGE = YES_ERROR;
				CLANG_WARN_DOCUMENTATION_COMMENTS = YES;
				CLANG_WARN_EMPTY_BODY = YES;
				CLANG_WARN_ENUM_CONVERSION = YES;
				CLANG_WARN_INFINITE_RECURSION = YES;
				CLANG_WARN_INT_CONVERSION = YES;
				CLANG_WARN_NON_LITERAL_NULL_CONVERSION = YES;
				CLANG_WARN_OBJC_IMPLICIT_RETAIN_SELF = YES;
				CLANG_WARN_OBJC_LITERAL_CONVERSION = YES;
				CLANG_WARN_OBJC_ROOT_CLASS = YES_ERROR;
				CLANG_WARN_RANGE_LOOP_ANALYSIS = YES;
				CLANG_WARN_STRICT_PROTOTYPES = YES;
				CLANG_WARN_SUSPICIOUS_MOVE = YES;
				CLANG_WARN_UNGUARDED_AVAILABILITY = YES_AGGRESSIVE;
				CLANG_WARN_UNREACHABLE_CODE = YES;
				CLANG_WARN__DUPLICATE_METHOD_MATCH = YES;
				COPY_PHASE_STRIP = NO;
				DEBUG_INFORMATION_FORMAT = "dwarf-with-dsym";
				ENABLE_NS_ASSERTIONS = NO;
				ENABLE_STRICT_OBJC_MSGSEND = YES;
				GCC_C_LANGUAGE_STANDARD = gnu11;
				GCC_NO_COMMON_BLOCKS = YES;
				GCC_WARN_64_TO_32_BIT_CONVERSION = YES;
				GCC_WARN_ABOUT_RETURN_TYPE = YES_ERROR;
				GCC_WARN_UNDECLARED_SELECTOR = YES;
				GCC_WARN_UNINITIALIZED_AUTOS = YES_AGGRESSIVE;
				GCC_WARN_UNUSED_FUNCTION = YES;
				GCC_WARN_UNUSED_VARIABLE = YES;
				IPHONEOS_DEPLOYMENT_TARGET = 13.0;
				MTL_ENABLE_DEBUG_INFO = NO;
				MTL_FAST_MATH = YES;
				SDKROOT = iphoneos;
				SWIFT_COMPILATION_MODE = wholemodule;
				SWIFT_OPTIMIZATION_LEVEL = "-O";
				VALIDATE_PRODUCT = YES;
			};
			name = Release;
		};
		E5EDF38C23490166005777B4 /* Debug */ = {
			isa = XCBuildConfiguration;
			baseConfigurationReference = DF075958E5758DB1EF49FA04 /* Pods-aToastie.debug.xcconfig */;
			buildSettings = {
				ASSETCATALOG_COMPILER_APPICON_NAME = AppIcon;
				CODE_SIGN_STYLE = Automatic;
				DEVELOPMENT_TEAM = X9J72RLVFW;
				INFOPLIST_FILE = aToastie/Info.plist;
				LD_RUNPATH_SEARCH_PATHS = (
					"$(inherited)",
					"@executable_path/Frameworks",
				);
				PRODUCT_BUNDLE_IDENTIFIER = harmonCoveboys.aToastie;
				PRODUCT_NAME = "$(TARGET_NAME)";
				SWIFT_VERSION = 5.0;
				TARGETED_DEVICE_FAMILY = "1,2";
			};
			name = Debug;
		};
		E5EDF38D23490166005777B4 /* Release */ = {
			isa = XCBuildConfiguration;
			baseConfigurationReference = 67C0B08689477E95FE5C37E5 /* Pods-aToastie.release.xcconfig */;
			buildSettings = {
				ASSETCATALOG_COMPILER_APPICON_NAME = AppIcon;
				CODE_SIGN_STYLE = Automatic;
				DEVELOPMENT_TEAM = X9J72RLVFW;
				INFOPLIST_FILE = aToastie/Info.plist;
				LD_RUNPATH_SEARCH_PATHS = (
					"$(inherited)",
					"@executable_path/Frameworks",
				);
				PRODUCT_BUNDLE_IDENTIFIER = harmonCoveboys.aToastie;
				PRODUCT_NAME = "$(TARGET_NAME)";
				SWIFT_VERSION = 5.0;
				TARGETED_DEVICE_FAMILY = "1,2";
			};
			name = Release;
		};
/* End XCBuildConfiguration section */

/* Begin XCConfigurationList section */
		E5EDF37223490165005777B4 /* Build configuration list for PBXProject "aToastie" */ = {
			isa = XCConfigurationList;
			buildConfigurations = (
				E5EDF38923490166005777B4 /* Debug */,
				E5EDF38A23490166005777B4 /* Release */,
			);
			defaultConfigurationIsVisible = 0;
			defaultConfigurationName = Release;
		};
		E5EDF38B23490166005777B4 /* Build configuration list for PBXNativeTarget "aToastie" */ = {
			isa = XCConfigurationList;
			buildConfigurations = (
				E5EDF38C23490166005777B4 /* Debug */,
				E5EDF38D23490166005777B4 /* Release */,
			);
			defaultConfigurationIsVisible = 0;
			defaultConfigurationName = Release;
		};
/* End XCConfigurationList section */
	};
	rootObject = E5EDF36F23490165005777B4 /* Project object */;
}
